// !$*UTF8*$!
{
	archiveVersion = 1;
	classes = {
	};
	objectVersion = 46;
	objects = {

/* Begin PBXBuildFile section */
		1E1F83321B0CC80A006F38BE /* main.m in Sources */ = {isa = PBXBuildFile; fileRef = 1E1F83311B0CC80A006F38BE /* main.m */; };
		1E1F83351B0CC80A006F38BE /* AppDelegate.m in Sources */ = {isa = PBXBuildFile; fileRef = 1E1F83341B0CC80A006F38BE /* AppDelegate.m */; };
		1E1F83381B0CC80A006F38BE /* ViewController.m in Sources */ = {isa = PBXBuildFile; fileRef = 1E1F83371B0CC80A006F38BE /* ViewController.m */; };
		1E1F833B1B0CC80A006F38BE /* Main.storyboard in Resources */ = {isa = PBXBuildFile; fileRef = 1E1F83391B0CC80A006F38BE /* Main.storyboard */; };
		1E1F833D1B0CC80A006F38BE /* Images.xcassets in Resources */ = {isa = PBXBuildFile; fileRef = 1E1F833C1B0CC80A006F38BE /* Images.xcassets */; };
		1E1F83401B0CC80A006F38BE /* LaunchScreen.xib in Resources */ = {isa = PBXBuildFile; fileRef = 1E1F833E1B0CC80A006F38BE /* LaunchScreen.xib */; };
		1E1F834C1B0CC80A006F38BE /* VibrateTests.m in Sources */ = {isa = PBXBuildFile; fileRef = 1E1F834B1B0CC80A006F38BE /* VibrateTests.m */; };
		1E1F83561B0CCC0B006F38BE /* canon.mp3 in Resources */ = {isa = PBXBuildFile; fileRef = 1E1F83551B0CCC0B006F38BE /* canon.mp3 */; };
/* End PBXBuildFile section */

/* Begin PBXContainerItemProxy section */
		1E1F83461B0CC80A006F38BE /* PBXContainerItemProxy */ = {
			isa = PBXContainerItemProxy;
			containerPortal = 1E1F83241B0CC80A006F38BE /* Project object */;
			proxyType = 1;
			remoteGlobalIDString = 1E1F832B1B0CC80A006F38BE;
			remoteInfo = Vibrate;
		};
/* End PBXContainerItemProxy section */

/* Begin PBXFileReference section */
		1E1F832C1B0CC80A006F38BE /* Vibrate.app */ = {isa = PBXFileReference; explicitFileType = wrapper.application; includeInIndex = 0; path = Vibrate.app; sourceTree = BUILT_PRODUCTS_DIR; };
		1E1F83301B0CC80A006F38BE /* Info.plist */ = {isa = PBXFileReference; lastKnownFileType = text.plist.xml; path = Info.plist; sourceTree = "<group>"; };
		1E1F83311B0CC80A006F38BE /* main.m */ = {isa = PBXFileReference; lastKnownFileType = sourcecode.c.objc; path = main.m; sourceTree = "<group>"; };
		1E1F83331B0CC80A006F38BE /* AppDelegate.h */ = {isa = PBXFileReference; lastKnownFileType = sourcecode.c.h; path = AppDelegate.h; sourceTree = "<group>"; };
		1E1F83341B0CC80A006F38BE /* AppDelegate.m */ = {isa = PBXFileReference; lastKnownFileType = sourcecode.c.objc; path = AppDelegate.m; sourceTree = "<group>"; };
		1E1F83361B0CC80A006F38BE /* ViewController.h */ = {isa = PBXFileReference; lastKnownFileType = sourcecode.c.h; path = ViewController.h; sourceTree = "<group>"; };
		1E1F83371B0CC80A006F38BE /* ViewController.m */ = {isa = PBXFileReference; lastKnownFileType = sourcecode.c.objc; path = ViewController.m; sourceTree = "<group>"; };
		1E1F833A1B0CC80A006F38BE /* Base */ = {isa = PBXFileReference; lastKnownFileType = file.storyboard; name = Base; path = Base.lproj/Main.storyboard; sourceTree = "<group>"; };
		1E1F833C1B0CC80A006F38BE /* Images.xcassets */ = {isa = PBXFileReference; lastKnownFileType = folder.assetcatalog; path = Images.xcassets; sourceTree = "<group>"; };
		1E1F833F1B0CC80A006F38BE /* Base */ = {isa = PBXFileReference; lastKnownFileType = file.xib; name = Base; path = Base.lproj/LaunchScreen.xib; sourceTree = "<group>"; };
		1E1F83451B0CC80A006F38BE /* VibrateTests.xctest */ = {isa = PBXFileReference; explicitFileType = wrapper.cfbundle; includeInIndex = 0; path = VibrateTests.xctest; sourceTree = BUILT_PRODUCTS_DIR; };
		1E1F834A1B0CC80A006F38BE /* Info.plist */ = {isa = PBXFileReference; lastKnownFileType = text.plist.xml; path = Info.plist; sourceTree = "<group>"; };
		1E1F834B1B0CC80A006F38BE /* VibrateTests.m */ = {isa = PBXFileReference; lastKnownFileType = sourcecode.c.objc; path = VibrateTests.m; sourceTree = "<group>"; };
		1E1F83551B0CCC0B006F38BE /* canon.mp3 */ = {isa = PBXFileReference; lastKnownFileType = audio.mp3; path = canon.mp3; sourceTree = "<group>"; };
/* End PBXFileReference section */

/* Begin PBXFrameworksBuildPhase section */
		1E1F83291B0CC80A006F38BE /* Frameworks */ = {
			isa = PBXFrameworksBuildPhase;
			buildActionMask = 2147483647;
			files = (
			);
			runOnlyForDeploymentPostprocessing = 0;
		};
		1E1F83421B0CC80A006F38BE /* Frameworks */ = {
			isa = PBXFrameworksBuildPhase;
			buildActionMask = 2147483647;
			files = (
			);
			runOnlyForDeploymentPostprocessing = 0;
		};
/* End PBXFrameworksBuildPhase section */

/* Begin PBXGroup section */
		1E1F83231B0CC80A006F38BE = {
			isa = PBXGroup;
			children = (
				1E1F83551B0CCC0B006F38BE /* canon.mp3 */,
				1E1F832E1B0CC80A006F38BE /* Vibrate */,
				1E1F83481B0CC80A006F38BE /* VibrateTests */,
				1E1F832D1B0CC80A006F38BE /* Products */,
			);
			sourceTree = "<group>";
		};
		1E1F832D1B0CC80A006F38BE /* Products */ = {
			isa = PBXGroup;
			children = (
				1E1F832C1B0CC80A006F38BE /* Vibrate.app */,
				1E1F83451B0CC80A006F38BE /* VibrateTests.xctest */,
			);
			name = Products;
			sourceTree = "<group>";
		};
		1E1F832E1B0CC80A006F38BE /* Vibrate */ = {
			isa = PBXGroup;
			children = (
				1E1F83331B0CC80A006F38BE /* AppDelegate.h */,
				1E1F83341B0CC80A006F38BE /* AppDelegate.m */,
				1E1F83361B0CC80A006F38BE /* ViewController.h */,
				1E1F83371B0CC80A006F38BE /* ViewController.m */,
				1E1F83391B0CC80A006F38BE /* Main.storyboard */,
				1E1F833C1B0CC80A006F38BE /* Images.xcassets */,
				1E1F833E1B0CC80A006F38BE /* LaunchScreen.xib */,
				1E1F832F1B0CC80A006F38BE /* Supporting Files */,
			);
			path = Vibrate;
			sourceTree = "<group>";
		};
		1E1F832F1B0CC80A006F38BE /* Supporting Files */ = {
			isa = PBXGroup;
			children = (
				1E1F83301B0CC80A006F38BE /* Info.plist */,
				1E1F83311B0CC80A006F38BE /* main.m */,
			);
			name = "Supporting Files";
			sourceTree = "<group>";
		};
		1E1F83481B0CC80A006F38BE /* VibrateTests */ = {
			isa = PBXGroup;
			children = (
				1E1F834B1B0CC80A006F38BE /* VibrateTests.m */,
				1E1F83491B0CC80A006F38BE /* Supporting Files */,
			);
			path = VibrateTests;
			sourceTree = "<group>";
		};
		1E1F83491B0CC80A006F38BE /* Supporting Files */ = {
			isa = PBXGroup;
			children = (
				1E1F834A1B0CC80A006F38BE /* Info.plist */,
			);
			name = "Supporting Files";
			sourceTree = "<group>";
		};
/* End PBXGroup section */

/* Begin PBXNativeTarget section */
		1E1F832B1B0CC80A006F38BE /* Vibrate */ = {
			isa = PBXNativeTarget;
			buildConfigurationList = 1E1F834F1B0CC80A006F38BE /* Build configuration list for PBXNativeTarget "Vibrate" */;
			buildPhases = (
				1E1F83281B0CC80A006F38BE /* Sources */,
				1E1F83291B0CC80A006F38BE /* Frameworks */,
				1E1F832A1B0CC80A006F38BE /* Resources */,
			);
			buildRules = (
			);
			dependencies = (
			);
			name = Vibrate;
			productName = Vibrate;
			productReference = 1E1F832C1B0CC80A006F38BE /* Vibrate.app */;
			productType = "com.apple.product-type.application";
		};
		1E1F83441B0CC80A006F38BE /* VibrateTests */ = {
			isa = PBXNativeTarget;
			buildConfigurationList = 1E1F83521B0CC80A006F38BE /* Build configuration list for PBXNativeTarget "VibrateTests" */;
			buildPhases = (
				1E1F83411B0CC80A006F38BE /* Sources */,
				1E1F83421B0CC80A006F38BE /* Frameworks */,
				1E1F83431B0CC80A006F38BE /* Resources */,
			);
			buildRules = (
			);
			dependencies = (
				1E1F83471B0CC80A006F38BE /* PBXTargetDependency */,
			);
			name = VibrateTests;
			productName = VibrateTests;
			productReference = 1E1F83451B0CC80A006F38BE /* VibrateTests.xctest */;
			productType = "com.apple.product-type.bundle.unit-test";
		};
/* End PBXNativeTarget section */

/* Begin PBXProject section */
		1E1F83241B0CC80A006F38BE /* Project object */ = {
			isa = PBXProject;
			attributes = {
				LastUpgradeCheck = 0630;
				ORGANIZATIONNAME = "Jesse Filho";
				TargetAttributes = {
					1E1F832B1B0CC80A006F38BE = {
						CreatedOnToolsVersion = 6.3.1;
					};
					1E1F83441B0CC80A006F38BE = {
						CreatedOnToolsVersion = 6.3.1;
						TestTargetID = 1E1F832B1B0CC80A006F38BE;
					};
				};
			};
			buildConfigurationList = 1E1F83271B0CC80A006F38BE /* Build configuration list for PBXProject "Vibrate" */;
			compatibilityVersion = "Xcode 3.2";
			developmentRegion = English;
			hasScannedForEncodings = 0;
			knownRegions = (
				en,
				Base,
			);
			mainGroup = 1E1F83231B0CC80A006F38BE;
			productRefGroup = 1E1F832D1B0CC80A006F38BE /* Products */;
			projectDirPath = "";
			projectRoot = "";
			targets = (
				1E1F832B1B0CC80A006F38BE /* Vibrate */,
				1E1F83441B0CC80A006F38BE /* VibrateTests */,
			);
		};
/* End PBXProject section */

/* Begin PBXResourcesBuildPhase section */
		1E1F832A1B0CC80A006F38BE /* Resources */ = {
			isa = PBXResourcesBuildPhase;
			buildActionMask = 2147483647;
			files = (
				1E1F83561B0CCC0B006F38BE /* canon.mp3 in Resources */,
				1E1F833B1B0CC80A006F38BE /* Main.storyboard in Resources */,
				1E1F83401B0CC80A006F38BE /* LaunchScreen.xib in Resources */,
				1E1F833D1B0CC80A006F38BE /* Images.xcassets in Resources */,
			);
			runOnlyForDeploymentPostprocessing = 0;
		};
		1E1F83431B0CC80A006F38BE /* Resources */ = {
			isa = PBXResourcesBuildPhase;
			buildActionMask = 2147483647;
			files = (
			);
			runOnlyForDeploymentPostprocessing = 0;
		};
/* End PBXResourcesBuildPhase section */

/* Begin PBXSourcesBuildPhase section */
		1E1F83281B0CC80A006F38BE /* Sources */ = {
			isa = PBXSourcesBuildPhase;
			buildActionMask = 2147483647;
			files = (
				1E1F83381B0CC80A006F38BE /* ViewController.m in Sources */,
				1E1F83351B0CC80A006F38BE /* AppDelegate.m in Sources */,
				1E1F83321B0CC80A006F38BE /* main.m in Sources */,
			);
			runOnlyForDeploymentPostprocessing = 0;
		};
		1E1F83411B0CC80A006F38BE /* Sources */ = {
			isa = PBXSourcesBuildPhase;
			buildActionMask = 2147483647;
			files = (
				1E1F834C1B0CC80A006F38BE /* VibrateTests.m in Sources */,
			);
			runOnlyForDeploymentPostprocessing = 0;
		};
/* End PBXSourcesBuildPhase section */

/* Begin PBXTargetDependency section */
		1E1F83471B0CC80A006F38BE /* PBXTargetDependency */ = {
			isa = PBXTargetDependency;
			target = 1E1F832B1B0CC80A006F38BE /* Vibrate */;
			targetProxy = 1E1F83461B0CC80A006F38BE /* PBXContainerItemProxy */;
		};
/* End PBXTargetDependency section */

/* Begin PBXVariantGroup section */
		1E1F83391B0CC80A006F38BE /* Main.storyboard */ = {
			isa = PBXVariantGroup;
			children = (
				1E1F833A1B0CC80A006F38BE /* Base */,
			);
			name = Main.storyboard;
			sourceTree = "<group>";
		};
		1E1F833E1B0CC80A006F38BE /* LaunchScreen.xib */ = {
			isa = PBXVariantGroup;
			children = (
				1E1F833F1B0CC80A006F38BE /* Base */,
			);
			name = LaunchScreen.xib;
			sourceTree = "<group>";
		};
/* End PBXVariantGroup section */

/* Begin XCBuildConfiguration section */
		1E1F834D1B0CC80A006F38BE /* Debug */ = {
			isa = XCBuildConfiguration;
			buildSettings = {
				ALWAYS_SEARCH_USER_PATHS = NO;
				CLANG_CXX_LANGUAGE_STANDARD = "gnu++0x";
				CLANG_CXX_LIBRARY = "libc++";
				CLANG_ENABLE_MODULES = YES;
				CLANG_ENABLE_OBJC_ARC = YES;
				CLANG_WARN_BOOL_CONVERSION = YES;
				CLANG_WARN_CONSTANT_CONVERSION = YES;
				CLANG_WARN_DIRECT_OBJC_ISA_USAGE = YES_ERROR;
				CLANG_WARN_EMPTY_BODY = YES;
				CLANG_WARN_ENUM_CONVERSION = YES;
				CLANG_WARN_INT_CONVERSION = YES;
				CLANG_WARN_OBJC_ROOT_CLASS = YES_ERROR;
				CLANG_WARN_UNREACHABLE_CODE = YES;
				CLANG_WARN__DUPLICATE_METHOD_MATCH = YES;
				"CODE_SIGN_IDENTITY[sdk=iphoneos*]" = "iPhone Developer";
				COPY_PHASE_STRIP = NO;
				DEBUG_INFORMATION_FORMAT = "dwarf-with-dsym";
				ENABLE_STRICT_OBJC_MSGSEND = YES;
				GCC_C_LANGUAGE_STANDARD = gnu99;
				GCC_DYNAMIC_NO_PIC = NO;
				GCC_NO_COMMON_BLOCKS = YES;
				GCC_OPTIMIZATION_LEVEL = 0;
				GCC_PREPROCESSOR_DEFINITIONS = (
					"DEBUG=1",
					"$(inherited)",
				);
				GCC_SYMBOLS_PRIVATE_EXTERN = NO;
				GCC_WARN_64_TO_32_BIT_CONVERSION = YES;
				GCC_WARN_ABOUT_RETURN_TYPE = YES_ERROR;
				GCC_WARN_UNDECLARED_SELECTOR = YES;
				GCC_WARN_UNINITIALIZED_AUTOS = YES_AGGRESSIVE;
				GCC_WARN_UNUSED_FUNCTION = YES;
				GCC_WARN_UNUSED_VARIABLE = YES;
				IPHONEOS_DEPLOYMENT_TARGET = 8.3;
				MTL_ENABLE_DEBUG_INFO = YES;
				ONLY_ACTIVE_ARCH = YES;
				SDKROOT = iphoneos;
			};
			name = Debug;
		};
		1E1F834E1B0CC80A006F38BE /* Release */ = {
			isa = XCBuildConfiguration;
			buildSettings = {
				ALWAYS_SEARCH_USER_PATHS = NO;
				CLANG_CXX_LANGUAGE_STANDARD = "gnu++0x";
				CLANG_CXX_LIBRARY = "libc++";
				CLANG_ENABLE_MODULES = YES;
				CLANG_ENABLE_OBJC_ARC = YES;
				CLANG_WARN_BOOL_CONVERSION = YES;
				CLANG_WARN_CONSTANT_CONVERSION = YES;
				CLANG_WARN_DIRECT_OBJC_ISA_USAGE = YES_ERROR;
				CLANG_WARN_EMPTY_BODY = YES;
				CLANG_WARN_ENUM_CONVERSION = YES;
				CLANG_WARN_INT_CONVERSION = YES;
				CLANG_WARN_OBJC_ROOT_CLASS = YES_ERROR;
				CLANG_WARN_UNREACHABLE_CODE = YES;
				CLANG_WARN__DUPLICATE_METHOD_MATCH = YES;
				"CODE_SIGN_IDENTITY[sdk=iphoneos*]" = "iPhone Developer";
				COPY_PHASE_STRIP = NO;
				DEBUG_INFORMATION_FORMAT = "dwarf-with-dsym";
				ENABLE_NS_ASSERTIONS = NO;
				ENABLE_STRICT_OBJC_MSGSEND = YES;
				GCC_C_LANGUAGE_STANDARD = gnu99;
				GCC_NO_COMMON_BLOCKS = YES;
				GCC_WARN_64_TO_32_BIT_CONVERSION = YES;
				GCC_WARN_ABOUT_RETURN_TYPE = YES_ERROR;
				GCC_WARN_UNDECLARED_SELECTOR = YES;
				GCC_WARN_UNINITIALIZED_AUTOS = YES_AGGRESSIVE;
				GCC_WARN_UNUSED_FUNCTION = YES;
				GCC_WARN_UNUSED_VARIABLE = YES;
				IPHONEOS_DEPLOYMENT_TARGET = 8.3;
				MTL_ENABLE_DEBUG_INFO = NO;
				SDKROOT = iphoneos;
				VALIDATE_PRODUCT = YES;
			};
			name = Release;
		};
		1E1F83501B0CC80A006F38BE /* Debug */ = {
			isa = XCBuildConfiguration;
			buildSettings = {
				ASSETCATALOG_COMPILER_APPICON_NAME = AppIcon;
				INFOPLIST_FILE = Vibrate/Info.plist;
				LD_RUNPATH_SEARCH_PATHS = "$(inherited) @executable_path/Frameworks";
				PRODUCT_NAME = "$(TARGET_NAME)";
			};
			name = Debug;
		};
		1E1F83511B0CC80A006F38BE /* Release */ = {
			isa = XCBuildConfiguration;
			buildSettings = {
				ASSETCATALOG_COMPILER_APPICON_NAME = AppIcon;
				INFOPLIST_FILE = Vibrate/Info.plist;
				LD_RUNPATH_SEARCH_PATHS = "$(inherited) @executable_path/Frameworks";
				PRODUCT_NAME = "$(TARGET_NAME)";
			};
			name = Release;
		};
		1E1F83531B0CC80A006F38BE /* Debug */ = {
			isa = XCBuildConfiguration;
			buildSettings = {
				BUNDLE_LOADER = "$(TEST_HOST)";
				FRAMEWORK_SEARCH_PATHS = (
					"$(SDKROOT)/Developer/Library/Frameworks",
					"$(inherited)",
				);
				GCC_PREPROCESSOR_DEFINITIONS = (
					"DEBUG=1",
					"$(inherited)",
				);
				INFOPLIST_FILE = VibrateTests/Info.plist;
				LD_RUNPATH_SEARCH_PATHS = "$(inherited) @executable_path/Frameworks @loader_path/Frameworks";
				PRODUCT_NAME = "$(TARGET_NAME)";
				TEST_HOST = "$(BUILT_PRODUCTS_DIR)/Vibrate.app/Vibrate";
			};
			name = Debug;
		};
		1E1F83541B0CC80A006F38BE /* Release */ = {
			isa = XCBuildConfiguration;
			buildSettings = {
				BUNDLE_LOADER = "$(TEST_HOST)";
				FRAMEWORK_SEARCH_PATHS = (
					"$(SDKROOT)/Developer/Library/Frameworks",
					"$(inherited)",
				);
				INFOPLIST_FILE = VibrateTests/Info.plist;
				LD_RUNPATH_SEARCH_PATHS = "$(inherited) @executable_path/Frameworks @loader_path/Frameworks";
				PRODUCT_NAME = "$(TARGET_NAME)";
				TEST_HOST = "$(BUILT_PRODUCTS_DIR)/Vibrate.app/Vibrate";
			};
			name = Release;
		};
/* End XCBuildConfiguration section */

/* Begin XCConfigurationList section */
		1E1F83271B0CC80A006F38BE /* Build configuration list for PBXProject "Vibrate" */ = {
			isa = XCConfigurationList;
			buildConfigurations = (
				1E1F834D1B0CC80A006F38BE /* Debug */,
				1E1F834E1B0CC80A006F38BE /* Release */,
			);
			defaultConfigurationIsVisible = 0;
			defaultConfigurationName = Release;
		};
		1E1F834F1B0CC80A006F38BE /* Build configuration list for PBXNativeTarget "Vibrate" */ = {
			isa = XCConfigurationList;
			buildConfigurations = (
				1E1F83501B0CC80A006F38BE /* Debug */,
				1E1F83511B0CC80A006F38BE /* Release */,
			);
			defaultConfigurationIsVisible = 0;
		};
		1E1F83521B0CC80A006F38BE /* Build configuration list for PBXNativeTarget "VibrateTests" */ = {
			isa = XCConfigurationList;
			buildConfigurations = (
				1E1F83531B0CC80A006F38BE /* Debug */,
				1E1F83541B0CC80A006F38BE /* Release */,
			);
			defaultConfigurationIsVisible = 0;
		};
/* End XCConfigurationList section */
	};
	rootObject = 1E1F83241B0CC80A006F38BE /* Project object */;
}
